
Microsoft Visual Studio Solution File, Format Version 12.00
# Visual Studio Version 18
VisualStudioVersion = 18.7.11822.327
MinimumVisualStudioVersion = 10.0.40219.1
Project("{9A19103F-16F7-4668-BE54-9A1E7A4F7556}") = "Platform.Server", "Platform\Platform.Server\Platform.Server.csproj", "{BB54FBA9-3679-4F3D-95AF-4DAEDB0A373D}"
EndProject
Project("{54A90642-561A-4BB1-A94E-469ADEE60C69}") = "platform.client", "Platform\platform.client\platform.client.esproj", "{46C49C9B-8E27-4E6B-B745-0D1413903C24}"
EndProject
Project("{E53339B2-1760-4266-BCC7-CA923CBCF16C}") = "docker-compose", "docker-compose.dcproj", "{1DBB1A55-5BEA-4079-A5E4-874E360250E0}"
EndProject
Project("{9A19103F-16F7-4668-BE54-9A1E7A4F7556}") = "CoreApp.Server", "CoreApp\CoreApp.Server\CoreApp.Server.csproj", "{320F6D3D-9DED-44B0-BE76-DE401D1B466C}"
EndProject
Project("{54A90642-561A-4BB1-A94E-469ADEE60C69}") = "coreapp.client", "CoreApp\coreapp.client\coreapp.client.esproj", "{9C1511D0-E170-4505-A498-75A337D18B27}"
EndProject
Project("{FAE04EC0-301F-11D3-BF4B-00C04F79EFBC}") = "PlatformShared", "PlatformShared\PlatformShared.csproj", "{36AA52C7-5735-4E4B-8C85-BDF95C4EFE4A}"
EndProject
Project("{FAE04EC0-301F-11D3-BF4B-00C04F79EFBC}") = "WorkerCenter", "WorkerCenter\WorkerCenter.csproj", "{B7DD8B55-2BBE-4302-A1DC-C0C0B028FCAD}"
EndProject
Project("{FAE04EC0-301F-11D3-BF4B-00C04F79EFBC}") = "Admin.Server", "Admin\Admin.Server\Admin.Server.csproj", "{708DF3BC-5DFB-48A2-A924-24D362D06CC7}"
EndProject
Project("{54A90642-561A-4BB1-A94E-469ADEE60C69}") = "admin.client", "Admin\admin.client\admin.client.esproj", "{14329236-ED2B-45C9-955F-9F345DA29E24}"
EndProject
Project("{54A90642-561A-4BB1-A94E-469ADEE60C69}") = "finance.client", "Finance\finance.client\finance.client.esproj", "{5ED54055-70FB-820A-971F-3BD3D1E14BD7}"
EndProject
Project("{FAE04EC0-301F-11D3-BF4B-00C04F79EFBC}") = "Finance.Server", "Finance\Finance.Server\Finance.Server.csproj", "{E0BBD17B-4D11-48E4-A1B4-E86A3EDB2DB7}"
EndProject
Project("{54A90642-561A-4BB1-A94E-469ADEE60C69}") = "crm.client", "CRM\crm.client\crm.client.esproj", "{727189A6-C73D-A40D-6D65-D46D9B684811}"
EndProject
Project("{FAE04EC0-301F-11D3-BF4B-00C04F79EFBC}") = "CRM.Server", "CRM\CRM.Server\CRM.Server.csproj", "{09FE1785-C987-44EE-BAB6-817AC8E60AE8}"
EndProject
Project("{54A90642-561A-4BB1-A94E-469ADEE60C69}") = "agiletask.client", "AgileTask\agiletask.client\agiletask.client.esproj", "{1558F2D9-605A-2972-4DFD-F26A338C76D5}"
EndProject
Project("{FAE04EC0-301F-11D3-BF4B-00C04F79EFBC}") = "AgileTask.Server", "AgileTask\AgileTask.Server\AgileTask.Server.csproj", "{BB27FF57-576A-4636-80BA-10F8B5B0ED35}"
EndProject
Project("{FAE04EC0-301F-11D3-BF4B-00C04F79EFBC}") = "WebTemplates", "WebTemplates\WebTemplates.csproj", "{21FADCDC-886F-4E7A-A246-C61E500A1600}"
EndProject
Project("{FAE04EC0-301F-11D3-BF4B-00C04F79EFBC}") = "WorkerCMS", "WorkerCMS\WorkerCMS.csproj", "{4394E1C9-8F92-485D-A7CD-11A4ED786D11}"
EndProject
Global
	GlobalSection(SolutionConfigurationPlatforms) = preSolution
		Debug|Any CPU = Debug|Any CPU
		Release|Any CPU = Release|Any CPU
	EndGlobalSection
	GlobalSection(ProjectConfigurationPlatforms) = postSolution
		{BB54FBA9-3679-4F3D-95AF-4DAEDB0A373D}.Debug|Any CPU.ActiveCfg = Debug|Any CPU
		{BB54FBA9-3679-4F3D-95AF-4DAEDB0A373D}.Debug|Any CPU.Build.0 = Debug|Any CPU
		{BB54FBA9-3679-4F3D-95AF-4DAEDB0A373D}.Release|Any CPU.ActiveCfg = Release|Any CPU
		{BB54FBA9-3679-4F3D-95AF-4DAEDB0A373D}.Release|Any CPU.Build.0 = Release|Any CPU
		{46C49C9B-8E27-4E6B-B745-0D1413903C24}.Debug|Any CPU.ActiveCfg = Debug|Any CPU
		{46C49C9B-8E27-4E6B-B745-0D1413903C24}.Debug|Any CPU.Build.0 = Debug|Any CPU
		{46C49C9B-8E27-4E6B-B745-0D1413903C24}.Debug|Any CPU.Deploy.0 = Debug|Any CPU
		{46C49C9B-8E27-4E6B-B745-0D1413903C24}.Release|Any CPU.ActiveCfg = Release|Any CPU
		{46C49C9B-8E27-4E6B-B745-0D1413903C24}.Release|Any CPU.Build.0 = Release|Any CPU
		{46C49C9B-8E27-4E6B-B745-0D1413903C24}.Release|Any CPU.Deploy.0 = Release|Any CPU
		{1DBB1A55-5BEA-4079-A5E4-874E360250E0}.Debug|Any CPU.ActiveCfg = Debug|Any CPU
		{1DBB1A55-5BEA-4079-A5E4-874E360250E0}.Debug|Any CPU.Build.0 = Debug|Any CPU
		{1DBB1A55-5BEA-4079-A5E4-874E360250E0}.Release|Any CPU.ActiveCfg = Release|Any CPU
		{1DBB1A55-5BEA-4079-A5E4-874E360250E0}.Release|Any CPU.Build.0 = Release|Any CPU
		{320F6D3D-9DED-44B0-BE76-DE401D1B466C}.Debug|Any CPU.ActiveCfg = Debug|Any CPU
		{320F6D3D-9DED-44B0-BE76-DE401D1B466C}.Debug|Any CPU.Build.0 = Debug|Any CPU
		{320F6D3D-9DED-44B0-BE76-DE401D1B466C}.Release|Any CPU.ActiveCfg = Release|Any CPU
		{320F6D3D-9DED-44B0-BE76-DE401D1B466C}.Release|Any CPU.Build.0 = Release|Any CPU
		{9C1511D0-E170-4505-A498-75A337D18B27}.Debug|Any CPU.ActiveCfg = Debug|Any CPU
		{9C1511D0-E170-4505-A498-75A337D18B27}.Debug|Any CPU.Build.0 = Debug|Any CPU
		{9C1511D0-E170-4505-A498-75A337D18B27}.Debug|Any CPU.Deploy.0 = Debug|Any CPU
		{9C1511D0-E170-4505-A498-75A337D18B27}.Release|Any CPU.ActiveCfg = Release|Any CPU
		{9C1511D0-E170-4505-A498-75A337D18B27}.Release|Any CPU.Build.0 = Release|Any CPU
		{9C1511D0-E170-4505-A498-75A337D18B27}.Release|Any CPU.Deploy.0 = Release|Any CPU
		{36AA52C7-5735-4E4B-8C85-BDF95C4EFE4A}.Debug|Any CPU.ActiveCfg = Debug|Any CPU
		{36AA52C7-5735-4E4B-8C85-BDF95C4EFE4A}.Debug|Any CPU.Build.0 = Debug|Any CPU
		{36AA52C7-5735-4E4B-8C85-BDF95C4EFE4A}.Release|Any CPU.ActiveCfg = Release|Any CPU
		{36AA52C7-5735-4E4B-8C85-BDF95C4EFE4A}.Release|Any CPU.Build.0 = Release|Any CPU
		{B7DD8B55-2BBE-4302-A1DC-C0C0B028FCAD}.Debug|Any CPU.ActiveCfg = Debug|Any CPU
		{B7DD8B55-2BBE-4302-A1DC-C0C0B028FCAD}.Debug|Any CPU.Build.0 = Debug|Any CPU
		{B7DD8B55-2BBE-4302-A1DC-C0C0B028FCAD}.Release|Any CPU.ActiveCfg = Release|Any CPU
		{B7DD8B55-2BBE-4302-A1DC-C0C0B028FCAD}.Release|Any CPU.Build.0 = Release|Any CPU
		{708DF3BC-5DFB-48A2-A924-24D362D06CC7}.Debug|Any CPU.ActiveCfg = Debug|Any CPU
		{708DF3BC-5DFB-48A2-A924-24D362D06CC7}.Debug|Any CPU.Build.0 = Debug|Any CPU
		{708DF3BC-5DFB-48A2-A924-24D362D06CC7}.Release|Any CPU.ActiveCfg = Release|Any CPU
		{708DF3BC-5DFB-48A2-A924-24D362D06CC7}.Release|Any CPU.Build.0 = Release|Any CPU
		{14329236-ED2B-45C9-955F-9F345DA29E24}.Debug|Any CPU.ActiveCfg = Debug|Any CPU
		{14329236-ED2B-45C9-955F-9F345DA29E24}.Debug|Any CPU.Build.0 = Debug|Any CPU
		{14329236-ED2B-45C9-955F-9F345DA29E24}.Debug|Any CPU.Deploy.0 = Debug|Any CPU
		{14329236-ED2B-45C9-955F-9F345DA29E24}.Release|Any CPU.ActiveCfg = Release|Any CPU
		{14329236-ED2B-45C9-955F-9F345DA29E24}.Release|Any CPU.Build.0 = Release|Any CPU
		{14329236-ED2B-45C9-955F-9F345DA29E24}.Release|Any CPU.Deploy.0 = Release|Any CPU
		{5ED54055-70FB-820A-971F-3BD3D1E14BD7}.Debug|Any CPU.ActiveCfg = Debug|Any CPU
		{5ED54055-70FB-820A-971F-3BD3D1E14BD7}.Debug|Any CPU.Build.0 = Debug|Any CPU
		{5ED54055-70FB-820A-971F-3BD3D1E14BD7}.Debug|Any CPU.Deploy.0 = Debug|Any CPU
		{5ED54055-70FB-820A-971F-3BD3D1E14BD7}.Release|Any CPU.ActiveCfg = Release|Any CPU
		{5ED54055-70FB-820A-971F-3BD3D1E14BD7}.Release|Any CPU.Build.0 = Release|Any CPU
		{5ED54055-70FB-820A-971F-3BD3D1E14BD7}.Release|Any CPU.Deploy.0 = Release|Any CPU
		{E0BBD17B-4D11-48E4-A1B4-E86A3EDB2DB7}.Debug|Any CPU.ActiveCfg = Debug|Any CPU
		{E0BBD17B-4D11-48E4-A1B4-E86A3EDB2DB7}.Debug|Any CPU.Build.0 = Debug|Any CPU
		{E0BBD17B-4D11-48E4-A1B4-E86A3EDB2DB7}.Release|Any CPU.ActiveCfg = Release|Any CPU
		{E0BBD17B-4D11-48E4-A1B4-E86A3EDB2DB7}.Release|Any CPU.Build.0 = Release|Any CPU
		{727189A6-C73D-A40D-6D65-D46D9B684811}.Debug|Any CPU.ActiveCfg = Debug|Any CPU
		{727189A6-C73D-A40D-6D65-D46D9B684811}.Debug|Any CPU.Build.0 = Debug|Any CPU
		{727189A6-C73D-A40D-6D65-D46D9B684811}.Debug|Any CPU.Deploy.0 = Debug|Any CPU
		{727189A6-C73D-A40D-6D65-D46D9B684811}.Release|Any CPU.ActiveCfg = Release|Any CPU
		{727189A6-C73D-A40D-6D65-D46D9B684811}.Release|Any CPU.Build.0 = Release|Any CPU
		{727189A6-C73D-A40D-6D65-D46D9B684811}.Release|Any CPU.Deploy.0 = Release|Any CPU
		{09FE1785-C987-44EE-BAB6-817AC8E60AE8}.Debug|Any CPU.ActiveCfg = Debug|Any CPU
		{09FE1785-C987-44EE-BAB6-817AC8E60AE8}.Debug|Any CPU.Build.0 = Debug|Any CPU
		{09FE1785-C987-44EE-BAB6-817AC8E60AE8}.Release|Any CPU.ActiveCfg = Release|Any CPU
		{09FE1785-C987-44EE-BAB6-817AC8E60AE8}.Release|Any CPU.Build.0 = Release|Any CPU
		{1558F2D9-605A-2972-4DFD-F26A338C76D5}.Debug|Any CPU.ActiveCfg = Debug|Any CPU
		{1558F2D9-605A-2972-4DFD-F26A338C76D5}.Debug|Any CPU.Build.0 = Debug|Any CPU
		{1558F2D9-605A-2972-4DFD-F26A338C76D5}.Debug|Any CPU.Deploy.0 = Debug|Any CPU
		{1558F2D9-605A-2972-4DFD-F26A338C76D5}.Release|Any CPU.ActiveCfg = Release|Any CPU
		{1558F2D9-605A-2972-4DFD-F26A338C76D5}.Release|Any CPU.Build.0 = Release|Any CPU
		{1558F2D9-605A-2972-4DFD-F26A338C76D5}.Release|Any CPU.Deploy.0 = Release|Any CPU
		{BB27FF57-576A-4636-80BA-10F8B5B0ED35}.Debug|Any CPU.ActiveCfg = Debug|Any CPU
		{BB27FF57-576A-4636-80BA-10F8B5B0ED35}.Debug|Any CPU.Build.0 = Debug|Any CPU
		{BB27FF57-576A-4636-80BA-10F8B5B0ED35}.Release|Any CPU.ActiveCfg = Release|Any CPU
		{BB27FF57-576A-4636-80BA-10F8B5B0ED35}.Release|Any CPU.Build.0 = Release|Any CPU
		{21FADCDC-886F-4E7A-A246-C61E500A1600}.Debug|Any CPU.ActiveCfg = Debug|Any CPU
		{21FADCDC-886F-4E7A-A246-C61E500A1600}.Debug|Any CPU.Build.0 = Debug|Any CPU
		{21FADCDC-886F-4E7A-A246-C61E500A1600}.Release|Any CPU.ActiveCfg = Release|Any CPU
		{21FADCDC-886F-4E7A-A246-C61E500A1600}.Release|Any CPU.Build.0 = Release|Any CPU
		{4394E1C9-8F92-485D-A7CD-11A4ED786D11}.Debug|Any CPU.ActiveCfg = Debug|Any CPU
		{4394E1C9-8F92-485D-A7CD-11A4ED786D11}.Debug|Any CPU.Build.0 = Debug|Any CPU
		{4394E1C9-8F92-485D-A7CD-11A4ED786D11}.Release|Any CPU.ActiveCfg = Release|Any CPU
		{4394E1C9-8F92-485D-A7CD-11A4ED786D11}.Release|Any CPU.Build.0 = Release|Any CPU
	EndGlobalSection
	GlobalSection(SolutionProperties) = preSolution
		HideSolutionNode = FALSE
	EndGlobalSection
	GlobalSection(ExtensibilityGlobals) = postSolution
		SolutionGuid = {53B28A05-21A1-4A30-BAC8-35A9B5B08ED2}
	EndGlobalSection
EndGlobal
